
Microsoft Visual Studio Solution File, Format Version 12.00
# Visual Studio Version 16
VisualStudioVersion = 16.0.29519.87
MinimumVisualStudioVersion = 10.0.40219.1
Project("{FAE04EC0-301F-11D3-BF4B-00C04F79EFBC}") = "ProjectHumanity2", "ProjectHumanity2\ProjectHumanity2.csproj", "{A0064CC0-EFD4-49D8-8FC6-CF97128B12E1}"
EndProject
Global
	GlobalSection(SolutionConfigurationPlatforms) = preSolution
		Debug|Any CPU = Debug|Any CPU
		Release|Any CPU = Release|Any CPU
	EndGlobalSection
	GlobalSection(ProjectConfigurationPlatforms) = postSolution
		{A0064CC0-EFD4-49D8-8FC6-CF97128B12E1}.Debug|Any CPU.ActiveCfg = Debug|Any CPU
		{A0064CC0-EFD4-49D8-8FC6-CF97128B12E1}.Debug|Any CPU.Build.0 = Debug|Any CPU
		{A0064CC0-EFD4-49D8-8FC6-CF97128B12E1}.Release|Any CPU.ActiveCfg = Release|Any CPU
		{A0064CC0-EFD4-49D8-8FC6-CF97128B12E1}.Release|Any CPU.Build.0 = Release|Any CPU
	EndGlobalSection
	GlobalSection(SolutionProperties) = preSolution
		HideSolutionNode = FALSE
	EndGlobalSection
	GlobalSection(ExtensibilityGlobals) = postSolution
		SolutionGuid = {0AF5E562-CE7B-48DA-8D6A-27BFC47AC8C1}
	EndGlobalSection
EndGlobal
